{
  "version": 4,
  "terraform_version": "1.3.9",
  "serial": 11,
  "lineage": "15426457-7a91-8717-57e0-c5f78012b750",
  "outputs": {},
  "resources": [
    {
      "mode": "managed",
      "type": "azurerm_resource_group",
      "name": "anish_tftest",
      "provider": "provider[\"registry.terraform.io/hashicorp/azurerm\"]",
      "instances": [
        {
          "schema_version": 0,
          "attributes": {
            "id": "/subscriptions/2c8f4502-a330-4e85-9858-5ac7d37b2019/resourceGroups/anish_tftest",
            "location": "westeurope",
            "name": "anish_tftest",
            "tags": {
              "environment": "dev"
            },
            "timeouts": null
          },
          "sensitive_attributes": [],
          "private": "eyJlMmJmYjczMC1lY2FhLTExZTYtOGY4OC0zNDM2M2JjN2M0YzAiOnsiY3JlYXRlIjo1NDAwMDAwMDAwMDAwLCJkZWxldGUiOjU0MDAwMDAwMDAwMDAsInJlYWQiOjMwMDAwMDAwMDAwMCwidXBkYXRlIjo1NDAwMDAwMDAwMDAwfX0="
        }
      ]
    },
    {
      "mode": "managed",
      "type": "azurerm_virtual_network",
      "name": "vnet1",
      "provider": "provider[\"registry.terraform.io/hashicorp/azurerm\"]",
      "instances": [
        {
          "schema_version": 0,
          "attributes": {
            "address_space": [
              "10.0.0.0/16"
            ],
            "bgp_community": "",
            "ddos_protection_plan": [],
            "dns_servers": [],
            "edge_zone": "",
            "flow_timeout_in_minutes": 0,
            "guid": "4f5cb761-e729-4923-8d03-21e085220168",
            "id": "/subscriptions/2c8f4502-a330-4e85-9858-5ac7d37b2019/resourceGroups/anish_tftest/providers/Microsoft.Network/virtualNetworks/tftesting_network",
            "location": "westeurope",
            "name": "tftesting_network",
            "resource_group_name": "anish_tftest",
            "subnet": [
              {
                "address_prefix": "10.0.2.0/24",
                "id": "/subscriptions/2c8f4502-a330-4e85-9858-5ac7d37b2019/resourceGroups/anish_tftest/providers/Microsoft.Network/virtualNetworks/tftesting_network/subnets/tftesting_internal",
                "name": "tftesting_internal",
                "security_group": ""
              },
              {
                "address_prefix": "10.0.3.0/26",
                "id": "/subscriptions/2c8f4502-a330-4e85-9858-5ac7d37b2019/resourceGroups/anish_tftest/providers/Microsoft.Network/virtualNetworks/tftesting_network/subnets/AzureBastionSubnet",
                "name": "AzureBastionSubnet",
                "security_group": ""
              }
            ],
            "tags": {},
            "timeouts": null
          },
          "sensitive_attributes": [],
          "private": "eyJlMmJmYjczMC1lY2FhLTExZTYtOGY4OC0zNDM2M2JjN2M0YzAiOnsiY3JlYXRlIjoxODAwMDAwMDAwMDAwLCJkZWxldGUiOjE4MDAwMDAwMDAwMDAsInJlYWQiOjMwMDAwMDAwMDAwMCwidXBkYXRlIjoxODAwMDAwMDAwMDAwfX0=",
          "dependencies": [
            "azurerm_resource_group.anish_tftest"
          ]
        }
      ]
    }
  ],
  "check_results": null
}
